// !$*UTF8*$!
{
	archiveVersion = 1;
	classes = {
	};
	objectVersion = 50;
	objects = {

/* Begin PBXBuildFile section */
		42595C9624AF345A000499C4 /* AddActivityLogView.swift in Sources */ = {isa = PBXBuildFile; fileRef = 42595C9524AF345A000499C4 /* AddActivityLogView.swift */; };
		425ECB4024A9EAFC0001A1EE /* AppDelegate.swift in Sources */ = {isa = PBXBuildFile; fileRef = 425ECB3F24A9EAFC0001A1EE /* AppDelegate.swift */; };
		425ECB4224A9EAFC0001A1EE /* SceneDelegate.swift in Sources */ = {isa = PBXBuildFile; fileRef = 425ECB4124A9EAFC0001A1EE /* SceneDelegate.swift */; };
		425ECB4424A9EAFC0001A1EE /* ContentView.swift in Sources */ = {isa = PBXBuildFile; fileRef = 425ECB4324A9EAFC0001A1EE /* ContentView.swift */; };
		425ECB4624A9EAFF0001A1EE /* Assets.xcassets in Resources */ = {isa = PBXBuildFile; fileRef = 425ECB4524A9EAFF0001A1EE /* Assets.xcassets */; };
		425ECB4924A9EAFF0001A1EE /* Preview Assets.xcassets in Resources */ = {isa = PBXBuildFile; fileRef = 425ECB4824A9EAFF0001A1EE /* Preview Assets.xcassets */; };
		425ECB4C24A9EAFF0001A1EE /* LaunchScreen.storyboard in Resources */ = {isa = PBXBuildFile; fileRef = 425ECB4A24A9EAFF0001A1EE /* LaunchScreen.storyboard */; };
		425ECB5424A9EB8C0001A1EE /* Habit.swift in Sources */ = {isa = PBXBuildFile; fileRef = 425ECB5324A9EB8C0001A1EE /* Habit.swift */; };
		4273F23424AB389300076445 /* HabitView.swift in Sources */ = {isa = PBXBuildFile; fileRef = 4273F23324AB389300076445 /* HabitView.swift */; };
		42D53E4D24AB4168002C4A57 /* Bundle-Decodable.swift in Sources */ = {isa = PBXBuildFile; fileRef = 42D53E4C24AB4168002C4A57 /* Bundle-Decodable.swift */; };
		42D53E4F24AB43C9002C4A57 /* AddHabitView.swift in Sources */ = {isa = PBXBuildFile; fileRef = 42D53E4E24AB43C9002C4A57 /* AddHabitView.swift */; };
/* End PBXBuildFile section */

/* Begin PBXFileReference section */
		42595C9524AF345A000499C4 /* AddActivityLogView.swift */ = {isa = PBXFileReference; lastKnownFileType = sourcecode.swift; path = AddActivityLogView.swift; sourceTree = "<group>"; };
		425ECB3C24A9EAFC0001A1EE /* HabitTracking.app */ = {isa = PBXFileReference; explicitFileType = wrapper.application; includeInIndex = 0; path = HabitTracking.app; sourceTree = BUILT_PRODUCTS_DIR; };
		425ECB3F24A9EAFC0001A1EE /* AppDelegate.swift */ = {isa = PBXFileReference; lastKnownFileType = sourcecode.swift; path = AppDelegate.swift; sourceTree = "<group>"; };
		425ECB4124A9EAFC0001A1EE /* SceneDelegate.swift */ = {isa = PBXFileReference; lastKnownFileType = sourcecode.swift; path = SceneDelegate.swift; sourceTree = "<group>"; };
		425ECB4324A9EAFC0001A1EE /* ContentView.swift */ = {isa = PBXFileReference; lastKnownFileType = sourcecode.swift; path = ContentView.swift; sourceTree = "<group>"; };
		425ECB4524A9EAFF0001A1EE /* Assets.xcassets */ = {isa = PBXFileReference; lastKnownFileType = folder.assetcatalog; path = Assets.xcassets; sourceTree = "<group>"; };
		425ECB4824A9EAFF0001A1EE /* Preview Assets.xcassets */ = {isa = PBXFileReference; lastKnownFileType = folder.assetcatalog; path = "Preview Assets.xcassets"; sourceTree = "<group>"; };
		425ECB4B24A9EAFF0001A1EE /* Base */ = {isa = PBXFileReference; lastKnownFileType = file.storyboard; name = Base; path = Base.lproj/LaunchScreen.storyboard; sourceTree = "<group>"; };
		425ECB4D24A9EAFF0001A1EE /* Info.plist */ = {isa = PBXFileReference; lastKnownFileType = text.plist.xml; path = Info.plist; sourceTree = "<group>"; };
		425ECB5324A9EB8C0001A1EE /* Habit.swift */ = {isa = PBXFileReference; lastKnownFileType = sourcecode.swift; path = Habit.swift; sourceTree = "<group>"; };
		4273F23324AB389300076445 /* HabitView.swift */ = {isa = PBXFileReference; lastKnownFileType = sourcecode.swift; path = HabitView.swift; sourceTree = "<group>"; };
		42D53E4C24AB4168002C4A57 /* Bundle-Decodable.swift */ = {isa = PBXFileReference; lastKnownFileType = sourcecode.swift; path = "Bundle-Decodable.swift"; sourceTree = "<group>"; };
		42D53E4E24AB43C9002C4A57 /* AddHabitView.swift */ = {isa = PBXFileReference; lastKnownFileType = sourcecode.swift; path = AddHabitView.swift; sourceTree = "<group>"; };
/* End PBXFileReference section */

/* Begin PBXFrameworksBuildPhase section */
		425ECB3924A9EAFC0001A1EE /* Frameworks */ = {
			isa = PBXFrameworksBuildPhase;
			buildActionMask = 2147483647;
			files = (
			);
			runOnlyForDeploymentPostprocessing = 0;
		};
/* End PBXFrameworksBuildPhase section */

/* Begin PBXGroup section */
		425ECB3324A9EAFC0001A1EE = {
			isa = PBXGroup;
			children = (
				425ECB3E24A9EAFC0001A1EE /* HabitTracking */,
				425ECB3D24A9EAFC0001A1EE /* Products */,
			);
			sourceTree = "<group>";
		};
		425ECB3D24A9EAFC0001A1EE /* Products */ = {
			isa = PBXGroup;
			children = (
				425ECB3C24A9EAFC0001A1EE /* HabitTracking.app */,
			);
			name = Products;
			sourceTree = "<group>";
		};
		425ECB3E24A9EAFC0001A1EE /* HabitTracking */ = {
			isa = PBXGroup;
			children = (
				4273F23324AB389300076445 /* HabitView.swift */,
				42D53E4E24AB43C9002C4A57 /* AddHabitView.swift */,
				42595C9524AF345A000499C4 /* AddActivityLogView.swift */,
				42D53E4C24AB4168002C4A57 /* Bundle-Decodable.swift */,
				425ECB5324A9EB8C0001A1EE /* Habit.swift */,
				425ECB3F24A9EAFC0001A1EE /* AppDelegate.swift */,
				425ECB4124A9EAFC0001A1EE /* SceneDelegate.swift */,
				425ECB4324A9EAFC0001A1EE /* ContentView.swift */,
				425ECB4524A9EAFF0001A1EE /* Assets.xcassets */,
				425ECB4A24A9EAFF0001A1EE /* LaunchScreen.storyboard */,
				425ECB4D24A9EAFF0001A1EE /* Info.plist */,
				425ECB4724A9EAFF0001A1EE /* Preview Content */,
			);
			path = HabitTracking;
			sourceTree = "<group>";
		};
		425ECB4724A9EAFF0001A1EE /* Preview Content */ = {
			isa = PBXGroup;
			children = (
				425ECB4824A9EAFF0001A1EE /* Preview Assets.xcassets */,
			);
			path = "Preview Content";
			sourceTree = "<group>";
		};
/* End PBXGroup section */

/* Begin PBXNativeTarget section */
		425ECB3B24A9EAFC0001A1EE /* HabitTracking */ = {
			isa = PBXNativeTarget;
			buildConfigurationList = 425ECB5024A9EAFF0001A1EE /* Build configuration list for PBXNativeTarget "HabitTracking" */;
			buildPhases = (
				425ECB3824A9EAFC0001A1EE /* Sources */,
				425ECB3924A9EAFC0001A1EE /* Frameworks */,
				425ECB3A24A9EAFC0001A1EE /* Resources */,
			);
			buildRules = (
			);
			dependencies = (
			);
			name = HabitTracking;
			productName = HabitTracking;
			productReference = 425ECB3C24A9EAFC0001A1EE /* HabitTracking.app */;
			productType = "com.apple.product-type.application";
		};
/* End PBXNativeTarget section */

/* Begin PBXProject section */
		425ECB3424A9EAFC0001A1EE /* Project object */ = {
			isa = PBXProject;
			attributes = {
				LastSwiftUpdateCheck = 1150;
				LastUpgradeCheck = 1150;
				ORGANIZATIONNAME = ataias;
				TargetAttributes = {
					425ECB3B24A9EAFC0001A1EE = {
						CreatedOnToolsVersion = 11.5;
					};
				};
			};
			buildConfigurationList = 425ECB3724A9EAFC0001A1EE /* Build configuration list for PBXProject "HabitTracking" */;
			compatibilityVersion = "Xcode 9.3";
			developmentRegion = en;
			hasScannedForEncodings = 0;
			knownRegions = (
				en,
				Base,
			);
			mainGroup = 425ECB3324A9EAFC0001A1EE;
			productRefGroup = 425ECB3D24A9EAFC0001A1EE /* Products */;
			projectDirPath = "";
			projectRoot = "";
			targets = (
				425ECB3B24A9EAFC0001A1EE /* HabitTracking */,
			);
		};
/* End PBXProject section */

/* Begin PBXResourcesBuildPhase section */
		425ECB3A24A9EAFC0001A1EE /* Resources */ = {
			isa = PBXResourcesBuildPhase;
			buildActionMask = 2147483647;
			files = (
				425ECB4C24A9EAFF0001A1EE /* LaunchScreen.storyboard in Resources */,
				425ECB4924A9EAFF0001A1EE /* Preview Assets.xcassets in Resources */,
				425ECB4624A9EAFF0001A1EE /* Assets.xcassets in Resources */,
			);
			runOnlyForDeploymentPostprocessing = 0;
		};
/* End PBXResourcesBuildPhase section */

/* Begin PBXSourcesBuildPhase section */
		425ECB3824A9EAFC0001A1EE /* Sources */ = {
			isa = PBXSourcesBuildPhase;
			buildActionMask = 2147483647;
			files = (
				425ECB4024A9EAFC0001A1EE /* AppDelegate.swift in Sources */,
				425ECB4224A9EAFC0001A1EE /* SceneDelegate.swift in Sources */,
				42D53E4F24AB43C9002C4A57 /* AddHabitView.swift in Sources */,
				425ECB5424A9EB8C0001A1EE /* Habit.swift in Sources */,
				425ECB4424A9EAFC0001A1EE /* ContentView.swift in Sources */,
				4273F23424AB389300076445 /* HabitView.swift in Sources */,
				42595C9624AF345A000499C4 /* AddActivityLogView.swift in Sources */,
				42D53E4D24AB4168002C4A57 /* Bundle-Decodable.swift in Sources */,
			);
			runOnlyForDeploymentPostprocessing = 0;
		};
/* End PBXSourcesBuildPhase section */

/* Begin PBXVariantGroup section */
		425ECB4A24A9EAFF0001A1EE /* LaunchScreen.storyboard */ = {
			isa = PBXVariantGroup;
			children = (
				425ECB4B24A9EAFF0001A1EE /* Base */,
			);
			name = LaunchScreen.storyboard;
			sourceTree = "<group>";
		};
/* End PBXVariantGroup section */

/* Begin XCBuildConfiguration section */
		425ECB4E24A9EAFF0001A1EE /* Debug */ = {
			isa = XCBuildConfiguration;
			buildSettings = {
				ALWAYS_SEARCH_USER_PATHS = NO;
				CLANG_ANALYZER_NONNULL = YES;
				CLANG_ANALYZER_NUMBER_OBJECT_CONVERSION = YES_AGGRESSIVE;
				CLANG_CXX_LANGUAGE_STANDARD = "gnu++14";
				CLANG_CXX_LIBRARY = "libc++";
				CLANG_ENABLE_MODULES = YES;
				CLANG_ENABLE_OBJC_ARC = YES;
				CLANG_ENABLE_OBJC_WEAK = YES;
				CLANG_WARN_BLOCK_CAPTURE_AUTORELEASING = YES;
				CLANG_WARN_BOOL_CONVERSION = YES;
				CLANG_WARN_COMMA = YES;
				CLANG_WARN_CONSTANT_CONVERSION = YES;
				CLANG_WARN_DEPRECATED_OBJC_IMPLEMENTATIONS = YES;
				CLANG_WARN_DIRECT_OBJC_ISA_USAGE = YES_ERROR;
				CLANG_WARN_DOCUMENTATION_COMMENTS = YES;
				CLANG_WARN_EMPTY_BODY = YES;
				CLANG_WARN_ENUM_CONVERSION = YES;
				CLANG_WARN_INFINITE_RECURSION = YES;
				CLANG_WARN_INT_CONVERSION = YES;
				CLANG_WARN_NON_LITERAL_NULL_CONVERSION = YES;
				CLANG_WARN_OBJC_IMPLICIT_RETAIN_SELF = YES;
				CLANG_WARN_OBJC_LITERAL_CONVERSION = YES;
				CLANG_WARN_OBJC_ROOT_CLASS = YES_ERROR;
				CLANG_WARN_RANGE_LOOP_ANALYSIS = YES;
				CLANG_WARN_STRICT_PROTOTYPES = YES;
				CLANG_WARN_SUSPICIOUS_MOVE = YES;
				CLANG_WARN_UNGUARDED_AVAILABILITY = YES_AGGRESSIVE;
				CLANG_WARN_UNREACHABLE_CODE = YES;
				CLANG_WARN__DUPLICATE_METHOD_MATCH = YES;
				COPY_PHASE_STRIP = NO;
				DEBUG_INFORMATION_FORMAT = dwarf;
				ENABLE_STRICT_OBJC_MSGSEND = YES;
				ENABLE_TESTABILITY = YES;
				GCC_C_LANGUAGE_STANDARD = gnu11;
				GCC_DYNAMIC_NO_PIC = NO;
				GCC_NO_COMMON_BLOCKS = YES;
				GCC_OPTIMIZATION_LEVEL = 0;
				GCC_PREPROCESSOR_DEFINITIONS = (
					"DEBUG=1",
					"$(inherited)",
				);
				GCC_WARN_64_TO_32_BIT_CONVERSION = YES;
				GCC_WARN_ABOUT_RETURN_TYPE = YES_ERROR;
				GCC_WARN_UNDECLARED_SELECTOR = YES;
				GCC_WARN_UNINITIALIZED_AUTOS = YES_AGGRESSIVE;
				GCC_WARN_UNUSED_FUNCTION = YES;
				GCC_WARN_UNUSED_VARIABLE = YES;
				IPHONEOS_DEPLOYMENT_TARGET = 13.5;
				MTL_ENABLE_DEBUG_INFO = INCLUDE_SOURCE;
				MTL_FAST_MATH = YES;
				ONLY_ACTIVE_ARCH = YES;
				SDKROOT = iphoneos;
				SWIFT_ACTIVE_COMPILATION_CONDITIONS = DEBUG;
				SWIFT_OPTIMIZATION_LEVEL = "-Onone";
			};
			name = Debug;
		};
		425ECB4F24A9EAFF0001A1EE /* Release */ = {
			isa = XCBuildConfiguration;
			buildSettings = {
				ALWAYS_SEARCH_USER_PATHS = NO;
				CLANG_ANALYZER_NONNULL = YES;
				CLANG_ANALYZER_NUMBER_OBJECT_CONVERSION = YES_AGGRESSIVE;
				CLANG_CXX_LANGUAGE_STANDARD = "gnu++14";
				CLANG_CXX_LIBRARY = "libc++";
				CLANG_ENABLE_MODULES = YES;
				CLANG_ENABLE_OBJC_ARC = YES;
				CLANG_ENABLE_OBJC_WEAK = YES;
				CLANG_WARN_BLOCK_CAPTURE_AUTORELEASING = YES;
				CLANG_WARN_BOOL_CONVERSION = YES;
				CLANG_WARN_COMMA = YES;
				CLANG_WARN_CONSTANT_CONVERSION = YES;
				CLANG_WARN_DEPRECATED_OBJC_IMPLEMENTATIONS = YES;
				CLANG_WARN_DIRECT_OBJC_ISA_USAGE = YES_ERROR;
				CLANG_WARN_DOCUMENTATION_COMMENTS = YES;
				CLANG_WARN_EMPTY_BODY = YES;
				CLANG_WARN_ENUM_CONVERSION = YES;
				CLANG_WARN_INFINITE_RECURSION = YES;
				CLANG_WARN_INT_CONVERSION = YES;
				CLANG_WARN_NON_LITERAL_NULL_CONVERSION = YES;
				CLANG_WARN_OBJC_IMPLICIT_RETAIN_SELF = YES;
				CLANG_WARN_OBJC_LITERAL_CONVERSION = YES;
				CLANG_WARN_OBJC_ROOT_CLASS = YES_ERROR;
				CLANG_WARN_RANGE_LOOP_ANALYSIS = YES;
				CLANG_WARN_STRICT_PROTOTYPES = YES;
				CLANG_WARN_SUSPICIOUS_MOVE = YES;
				CLANG_WARN_UNGUARDED_AVAILABILITY = YES_AGGRESSIVE;
				CLANG_WARN_UNREACHABLE_CODE = YES;
				CLANG_WARN__DUPLICATE_METHOD_MATCH = YES;
				COPY_PHASE_STRIP = NO;
				DEBUG_INFORMATION_FORMAT = "dwarf-with-dsym";
				ENABLE_NS_ASSERTIONS = NO;
				ENABLE_STRICT_OBJC_MSGSEND = YES;
				GCC_C_LANGUAGE_STANDARD = gnu11;
				GCC_NO_COMMON_BLOCKS = YES;
				GCC_WARN_64_TO_32_BIT_CONVERSION = YES;
				GCC_WARN_ABOUT_RETURN_TYPE = YES_ERROR;
				GCC_WARN_UNDECLARED_SELECTOR = YES;
				GCC_WARN_UNINITIALIZED_AUTOS = YES_AGGRESSIVE;
				GCC_WARN_UNUSED_FUNCTION = YES;
				GCC_WARN_UNUSED_VARIABLE = YES;
				IPHONEOS_DEPLOYMENT_TARGET = 13.5;
				MTL_ENABLE_DEBUG_INFO = NO;
				MTL_FAST_MATH = YES;
				SDKROOT = iphoneos;
				SWIFT_COMPILATION_MODE = wholemodule;
				SWIFT_OPTIMIZATION_LEVEL = "-O";
				VALIDATE_PRODUCT = YES;
			};
			name = Release;
		};
		425ECB5124A9EAFF0001A1EE /* Debug */ = {
			isa = XCBuildConfiguration;
			buildSettings = {
				ASSETCATALOG_COMPILER_APPICON_NAME = AppIcon;
				CODE_SIGN_STYLE = Automatic;
				DEVELOPMENT_ASSET_PATHS = "\"HabitTracking/Preview Content\"";
				DEVELOPMENT_TEAM = 8XPT9US388;
				ENABLE_PREVIEWS = YES;
				INFOPLIST_FILE = HabitTracking/Info.plist;
				LD_RUNPATH_SEARCH_PATHS = (
					"$(inherited)",
					"@executable_path/Frameworks",
				);
				PRODUCT_BUNDLE_IDENTIFIER = br.com.ataias.HabitTracking;
				PRODUCT_NAME = "$(TARGET_NAME)";
				SWIFT_VERSION = 5.0;
				TARGETED_DEVICE_FAMILY = "1,2";
			};
			name = Debug;
		};
		425ECB5224A9EAFF0001A1EE /* Release */ = {
			isa = XCBuildConfiguration;
			buildSettings = {
				ASSETCATALOG_COMPILER_APPICON_NAME = AppIcon;
				CODE_SIGN_STYLE = Automatic;
				DEVELOPMENT_ASSET_PATHS = "\"HabitTracking/Preview Content\"";
				DEVELOPMENT_TEAM = 8XPT9US388;
				ENABLE_PREVIEWS = YES;
				INFOPLIST_FILE = HabitTracking/Info.plist;
				LD_RUNPATH_SEARCH_PATHS = (
					"$(inherited)",
					"@executable_path/Frameworks",
				);
				PRODUCT_BUNDLE_IDENTIFIER = br.com.ataias.HabitTracking;
				PRODUCT_NAME = "$(TARGET_NAME)";
				SWIFT_VERSION = 5.0;
				TARGETED_DEVICE_FAMILY = "1,2";
			};
			name = Release;
		};
/* End XCBuildConfiguration section */

/* Begin XCConfigurationList section */
		425ECB3724A9EAFC0001A1EE /* Build configuration list for PBXProject "HabitTracking" */ = {
			isa = XCConfigurationList;
			buildConfigurations = (
				425ECB4E24A9EAFF0001A1EE /* Debug */,
				425ECB4F24A9EAFF0001A1EE /* Release */,
			);
			defaultConfigurationIsVisible = 0;
			defaultConfigurationName = Release;
		};
		425ECB5024A9EAFF0001A1EE /* Build configuration list for PBXNativeTarget "HabitTracking" */ = {
			isa = XCConfigurationList;
			buildConfigurations = (
				425ECB5124A9EAFF0001A1EE /* Debug */,
				425ECB5224A9EAFF0001A1EE /* Release */,
			);
			defaultConfigurationIsVisible = 0;
			defaultConfigurationName = Release;
		};
/* End XCConfigurationList section */
	};
	rootObject = 425ECB3424A9EAFC0001A1EE /* Project object */;
}
