// !$*UTF8*$!
{
	archiveVersion = 1;
	classes = {
	};
	objectVersion = 50;
	objects = {

/* Begin PBXBuildFile section */
		427B5A5624E9482000AB2EC2 /* MainTechnique.swift in Sources */ = {isa = PBXBuildFile; fileRef = 427B5A5524E9482000AB2EC2 /* MainTechnique.swift */; };
		427B5A5824E949A400AB2EC2 /* Card.swift in Sources */ = {isa = PBXBuildFile; fileRef = 427B5A5724E949A400AB2EC2 /* Card.swift */; };
		427B5A5A24E94A8500AB2EC2 /* CardView.swift in Sources */ = {isa = PBXBuildFile; fileRef = 427B5A5924E94A8500AB2EC2 /* CardView.swift */; };
		427B5A5C24E94DE500AB2EC2 /* View+Extensions.swift in Sources */ = {isa = PBXBuildFile; fileRef = 427B5A5B24E94DE500AB2EC2 /* View+Extensions.swift */; };
		429227B924ED27C600F15994 /* Settings.swift in Sources */ = {isa = PBXBuildFile; fileRef = 429227B824ED27C600F15994 /* Settings.swift */; };
		42B900D024E7EC160068EB63 /* AppDelegate.swift in Sources */ = {isa = PBXBuildFile; fileRef = 42B900CF24E7EC160068EB63 /* AppDelegate.swift */; };
		42B900D224E7EC160068EB63 /* SceneDelegate.swift in Sources */ = {isa = PBXBuildFile; fileRef = 42B900D124E7EC160068EB63 /* SceneDelegate.swift */; };
		42B900D424E7EC160068EB63 /* ContentView.swift in Sources */ = {isa = PBXBuildFile; fileRef = 42B900D324E7EC160068EB63 /* ContentView.swift */; };
		42B900D624E7EC170068EB63 /* Assets.xcassets in Resources */ = {isa = PBXBuildFile; fileRef = 42B900D524E7EC170068EB63 /* Assets.xcassets */; };
		42B900D924E7EC170068EB63 /* Preview Assets.xcassets in Resources */ = {isa = PBXBuildFile; fileRef = 42B900D824E7EC170068EB63 /* Preview Assets.xcassets */; };
		42B900DC24E7EC170068EB63 /* LaunchScreen.storyboard in Resources */ = {isa = PBXBuildFile; fileRef = 42B900DA24E7EC170068EB63 /* LaunchScreen.storyboard */; };
		42EE81D024ED1F7E0066BCD0 /* EditCards.swift in Sources */ = {isa = PBXBuildFile; fileRef = 42EE81CF24ED1F7E0066BCD0 /* EditCards.swift */; };
/* End PBXBuildFile section */

/* Begin PBXFileReference section */
		427B5A5524E9482000AB2EC2 /* MainTechnique.swift */ = {isa = PBXFileReference; lastKnownFileType = sourcecode.swift; path = MainTechnique.swift; sourceTree = "<group>"; };
		427B5A5724E949A400AB2EC2 /* Card.swift */ = {isa = PBXFileReference; lastKnownFileType = sourcecode.swift; path = Card.swift; sourceTree = "<group>"; };
		427B5A5924E94A8500AB2EC2 /* CardView.swift */ = {isa = PBXFileReference; lastKnownFileType = sourcecode.swift; path = CardView.swift; sourceTree = "<group>"; };
		427B5A5B24E94DE500AB2EC2 /* View+Extensions.swift */ = {isa = PBXFileReference; lastKnownFileType = sourcecode.swift; path = "View+Extensions.swift"; sourceTree = "<group>"; };
		429227B824ED27C600F15994 /* Settings.swift */ = {isa = PBXFileReference; lastKnownFileType = sourcecode.swift; path = Settings.swift; sourceTree = "<group>"; };
		42B900CC24E7EC160068EB63 /* Flashzilla.app */ = {isa = PBXFileReference; explicitFileType = wrapper.application; includeInIndex = 0; path = Flashzilla.app; sourceTree = BUILT_PRODUCTS_DIR; };
		42B900CF24E7EC160068EB63 /* AppDelegate.swift */ = {isa = PBXFileReference; lastKnownFileType = sourcecode.swift; path = AppDelegate.swift; sourceTree = "<group>"; };
		42B900D124E7EC160068EB63 /* SceneDelegate.swift */ = {isa = PBXFileReference; lastKnownFileType = sourcecode.swift; path = SceneDelegate.swift; sourceTree = "<group>"; };
		42B900D324E7EC160068EB63 /* ContentView.swift */ = {isa = PBXFileReference; lastKnownFileType = sourcecode.swift; path = ContentView.swift; sourceTree = "<group>"; };
		42B900D524E7EC170068EB63 /* Assets.xcassets */ = {isa = PBXFileReference; lastKnownFileType = folder.assetcatalog; path = Assets.xcassets; sourceTree = "<group>"; };
		42B900D824E7EC170068EB63 /* Preview Assets.xcassets */ = {isa = PBXFileReference; lastKnownFileType = folder.assetcatalog; path = "Preview Assets.xcassets"; sourceTree = "<group>"; };
		42B900DB24E7EC170068EB63 /* Base */ = {isa = PBXFileReference; lastKnownFileType = file.storyboard; name = Base; path = Base.lproj/LaunchScreen.storyboard; sourceTree = "<group>"; };
		42B900DD24E7EC170068EB63 /* Info.plist */ = {isa = PBXFileReference; lastKnownFileType = text.plist.xml; path = Info.plist; sourceTree = "<group>"; };
		42B900E324E7F7300068EB63 /* README.md */ = {isa = PBXFileReference; lastKnownFileType = net.daringfireball.markdown; path = README.md; sourceTree = "<group>"; };
		42EE81CF24ED1F7E0066BCD0 /* EditCards.swift */ = {isa = PBXFileReference; lastKnownFileType = sourcecode.swift; path = EditCards.swift; sourceTree = "<group>"; };
/* End PBXFileReference section */

/* Begin PBXFrameworksBuildPhase section */
		42B900C924E7EC160068EB63 /* Frameworks */ = {
			isa = PBXFrameworksBuildPhase;
			buildActionMask = 2147483647;
			files = (
			);
			runOnlyForDeploymentPostprocessing = 0;
		};
/* End PBXFrameworksBuildPhase section */

/* Begin PBXGroup section */
		427B5A5424E9480D00AB2EC2 /* Technique */ = {
			isa = PBXGroup;
			children = (
				427B5A5524E9482000AB2EC2 /* MainTechnique.swift */,
			);
			path = Technique;
			sourceTree = "<group>";
		};
		42B900C324E7EC160068EB63 = {
			isa = PBXGroup;
			children = (
				42B900CE24E7EC160068EB63 /* Flashzilla */,
				42B900CD24E7EC160068EB63 /* Products */,
			);
			sourceTree = "<group>";
		};
		42B900CD24E7EC160068EB63 /* Products */ = {
			isa = PBXGroup;
			children = (
				42B900CC24E7EC160068EB63 /* Flashzilla.app */,
			);
			name = Products;
			sourceTree = "<group>";
		};
		42B900CE24E7EC160068EB63 /* Flashzilla */ = {
			isa = PBXGroup;
			children = (
				427B5A5424E9480D00AB2EC2 /* Technique */,
				42B900CF24E7EC160068EB63 /* AppDelegate.swift */,
				42EE81CF24ED1F7E0066BCD0 /* EditCards.swift */,
				42B900D124E7EC160068EB63 /* SceneDelegate.swift */,
				42B900D324E7EC160068EB63 /* ContentView.swift */,
				429227B824ED27C600F15994 /* Settings.swift */,
				427B5A5B24E94DE500AB2EC2 /* View+Extensions.swift */,
				427B5A5924E94A8500AB2EC2 /* CardView.swift */,
				427B5A5724E949A400AB2EC2 /* Card.swift */,
				42B900E324E7F7300068EB63 /* README.md */,
				42B900D524E7EC170068EB63 /* Assets.xcassets */,
				42B900DA24E7EC170068EB63 /* LaunchScreen.storyboard */,
				42B900DD24E7EC170068EB63 /* Info.plist */,
				42B900D724E7EC170068EB63 /* Preview Content */,
			);
			path = Flashzilla;
			sourceTree = "<group>";
		};
		42B900D724E7EC170068EB63 /* Preview Content */ = {
			isa = PBXGroup;
			children = (
				42B900D824E7EC170068EB63 /* Preview Assets.xcassets */,
			);
			path = "Preview Content";
			sourceTree = "<group>";
		};
/* End PBXGroup section */

/* Begin PBXNativeTarget section */
		42B900CB24E7EC160068EB63 /* Flashzilla */ = {
			isa = PBXNativeTarget;
			buildConfigurationList = 42B900E024E7EC170068EB63 /* Build configuration list for PBXNativeTarget "Flashzilla" */;
			buildPhases = (
				42B900C824E7EC160068EB63 /* Sources */,
				42B900C924E7EC160068EB63 /* Frameworks */,
				42B900CA24E7EC160068EB63 /* Resources */,
			);
			buildRules = (
			);
			dependencies = (
			);
			name = Flashzilla;
			productName = Flashzilla;
			productReference = 42B900CC24E7EC160068EB63 /* Flashzilla.app */;
			productType = "com.apple.product-type.application";
		};
/* End PBXNativeTarget section */

/* Begin PBXProject section */
		42B900C424E7EC160068EB63 /* Project object */ = {
			isa = PBXProject;
			attributes = {
				LastSwiftUpdateCheck = 1200;
				LastUpgradeCheck = 1200;
				TargetAttributes = {
					42B900CB24E7EC160068EB63 = {
						CreatedOnToolsVersion = 12.0;
					};
				};
			};
			buildConfigurationList = 42B900C724E7EC160068EB63 /* Build configuration list for PBXProject "Flashzilla" */;
			compatibilityVersion = "Xcode 9.3";
			developmentRegion = en;
			hasScannedForEncodings = 0;
			knownRegions = (
				en,
				Base,
			);
			mainGroup = 42B900C324E7EC160068EB63;
			productRefGroup = 42B900CD24E7EC160068EB63 /* Products */;
			projectDirPath = "";
			projectRoot = "";
			targets = (
				42B900CB24E7EC160068EB63 /* Flashzilla */,
			);
		};
/* End PBXProject section */

/* Begin PBXResourcesBuildPhase section */
		42B900CA24E7EC160068EB63 /* Resources */ = {
			isa = PBXResourcesBuildPhase;
			buildActionMask = 2147483647;
			files = (
				42B900DC24E7EC170068EB63 /* LaunchScreen.storyboard in Resources */,
				42B900D924E7EC170068EB63 /* Preview Assets.xcassets in Resources */,
				42B900D624E7EC170068EB63 /* Assets.xcassets in Resources */,
			);
			runOnlyForDeploymentPostprocessing = 0;
		};
/* End PBXResourcesBuildPhase section */

/* Begin PBXSourcesBuildPhase section */
		42B900C824E7EC160068EB63 /* Sources */ = {
			isa = PBXSourcesBuildPhase;
			buildActionMask = 2147483647;
			files = (
				42B900D024E7EC160068EB63 /* AppDelegate.swift in Sources */,
				427B5A5624E9482000AB2EC2 /* MainTechnique.swift in Sources */,
				427B5A5824E949A400AB2EC2 /* Card.swift in Sources */,
				427B5A5C24E94DE500AB2EC2 /* View+Extensions.swift in Sources */,
				42B900D224E7EC160068EB63 /* SceneDelegate.swift in Sources */,
				42EE81D024ED1F7E0066BCD0 /* EditCards.swift in Sources */,
				429227B924ED27C600F15994 /* Settings.swift in Sources */,
				427B5A5A24E94A8500AB2EC2 /* CardView.swift in Sources */,
				42B900D424E7EC160068EB63 /* ContentView.swift in Sources */,
			);
			runOnlyForDeploymentPostprocessing = 0;
		};
/* End PBXSourcesBuildPhase section */

/* Begin PBXVariantGroup section */
		42B900DA24E7EC170068EB63 /* LaunchScreen.storyboard */ = {
			isa = PBXVariantGroup;
			children = (
				42B900DB24E7EC170068EB63 /* Base */,
			);
			name = LaunchScreen.storyboard;
			sourceTree = "<group>";
		};
/* End PBXVariantGroup section */

/* Begin XCBuildConfiguration section */
		42B900DE24E7EC170068EB63 /* Debug */ = {
			isa = XCBuildConfiguration;
			buildSettings = {
				ALWAYS_SEARCH_USER_PATHS = NO;
				CLANG_ANALYZER_NONNULL = YES;
				CLANG_ANALYZER_NUMBER_OBJECT_CONVERSION = YES_AGGRESSIVE;
				CLANG_CXX_LANGUAGE_STANDARD = "gnu++14";
				CLANG_CXX_LIBRARY = "libc++";
				CLANG_ENABLE_MODULES = YES;
				CLANG_ENABLE_OBJC_ARC = YES;
				CLANG_ENABLE_OBJC_WEAK = YES;
				CLANG_WARN_BLOCK_CAPTURE_AUTORELEASING = YES;
				CLANG_WARN_BOOL_CONVERSION = YES;
				CLANG_WARN_COMMA = YES;
				CLANG_WARN_CONSTANT_CONVERSION = YES;
				CLANG_WARN_DEPRECATED_OBJC_IMPLEMENTATIONS = YES;
				CLANG_WARN_DIRECT_OBJC_ISA_USAGE = YES_ERROR;
				CLANG_WARN_DOCUMENTATION_COMMENTS = YES;
				CLANG_WARN_EMPTY_BODY = YES;
				CLANG_WARN_ENUM_CONVERSION = YES;
				CLANG_WARN_INFINITE_RECURSION = YES;
				CLANG_WARN_INT_CONVERSION = YES;
				CLANG_WARN_NON_LITERAL_NULL_CONVERSION = YES;
				CLANG_WARN_OBJC_IMPLICIT_RETAIN_SELF = YES;
				CLANG_WARN_OBJC_LITERAL_CONVERSION = YES;
				CLANG_WARN_OBJC_ROOT_CLASS = YES_ERROR;
				CLANG_WARN_QUOTED_INCLUDE_IN_FRAMEWORK_HEADER = YES;
				CLANG_WARN_RANGE_LOOP_ANALYSIS = YES;
				CLANG_WARN_STRICT_PROTOTYPES = YES;
				CLANG_WARN_SUSPICIOUS_MOVE = YES;
				CLANG_WARN_UNGUARDED_AVAILABILITY = YES_AGGRESSIVE;
				CLANG_WARN_UNREACHABLE_CODE = YES;
				CLANG_WARN__DUPLICATE_METHOD_MATCH = YES;
				COPY_PHASE_STRIP = NO;
				DEBUG_INFORMATION_FORMAT = dwarf;
				ENABLE_STRICT_OBJC_MSGSEND = YES;
				ENABLE_TESTABILITY = YES;
				GCC_C_LANGUAGE_STANDARD = gnu11;
				GCC_DYNAMIC_NO_PIC = NO;
				GCC_NO_COMMON_BLOCKS = YES;
				GCC_OPTIMIZATION_LEVEL = 0;
				GCC_PREPROCESSOR_DEFINITIONS = (
					"DEBUG=1",
					"$(inherited)",
				);
				GCC_WARN_64_TO_32_BIT_CONVERSION = YES;
				GCC_WARN_ABOUT_RETURN_TYPE = YES_ERROR;
				GCC_WARN_UNDECLARED_SELECTOR = YES;
				GCC_WARN_UNINITIALIZED_AUTOS = YES_AGGRESSIVE;
				GCC_WARN_UNUSED_FUNCTION = YES;
				GCC_WARN_UNUSED_VARIABLE = YES;
				IPHONEOS_DEPLOYMENT_TARGET = 13.5;
				MTL_ENABLE_DEBUG_INFO = INCLUDE_SOURCE;
				MTL_FAST_MATH = YES;
				ONLY_ACTIVE_ARCH = YES;
				SDKROOT = iphoneos;
				SWIFT_ACTIVE_COMPILATION_CONDITIONS = DEBUG;
				SWIFT_OPTIMIZATION_LEVEL = "-Onone";
			};
			name = Debug;
		};
		42B900DF24E7EC170068EB63 /* Release */ = {
			isa = XCBuildConfiguration;
			buildSettings = {
				ALWAYS_SEARCH_USER_PATHS = NO;
				CLANG_ANALYZER_NONNULL = YES;
				CLANG_ANALYZER_NUMBER_OBJECT_CONVERSION = YES_AGGRESSIVE;
				CLANG_CXX_LANGUAGE_STANDARD = "gnu++14";
				CLANG_CXX_LIBRARY = "libc++";
				CLANG_ENABLE_MODULES = YES;
				CLANG_ENABLE_OBJC_ARC = YES;
				CLANG_ENABLE_OBJC_WEAK = YES;
				CLANG_WARN_BLOCK_CAPTURE_AUTORELEASING = YES;
				CLANG_WARN_BOOL_CONVERSION = YES;
				CLANG_WARN_COMMA = YES;
				CLANG_WARN_CONSTANT_CONVERSION = YES;
				CLANG_WARN_DEPRECATED_OBJC_IMPLEMENTATIONS = YES;
				CLANG_WARN_DIRECT_OBJC_ISA_USAGE = YES_ERROR;
				CLANG_WARN_DOCUMENTATION_COMMENTS = YES;
				CLANG_WARN_EMPTY_BODY = YES;
				CLANG_WARN_ENUM_CONVERSION = YES;
				CLANG_WARN_INFINITE_RECURSION = YES;
				CLANG_WARN_INT_CONVERSION = YES;
				CLANG_WARN_NON_LITERAL_NULL_CONVERSION = YES;
				CLANG_WARN_OBJC_IMPLICIT_RETAIN_SELF = YES;
				CLANG_WARN_OBJC_LITERAL_CONVERSION = YES;
				CLANG_WARN_OBJC_ROOT_CLASS = YES_ERROR;
				CLANG_WARN_QUOTED_INCLUDE_IN_FRAMEWORK_HEADER = YES;
				CLANG_WARN_RANGE_LOOP_ANALYSIS = YES;
				CLANG_WARN_STRICT_PROTOTYPES = YES;
				CLANG_WARN_SUSPICIOUS_MOVE = YES;
				CLANG_WARN_UNGUARDED_AVAILABILITY = YES_AGGRESSIVE;
				CLANG_WARN_UNREACHABLE_CODE = YES;
				CLANG_WARN__DUPLICATE_METHOD_MATCH = YES;
				COPY_PHASE_STRIP = NO;
				DEBUG_INFORMATION_FORMAT = "dwarf-with-dsym";
				ENABLE_NS_ASSERTIONS = NO;
				ENABLE_STRICT_OBJC_MSGSEND = YES;
				GCC_C_LANGUAGE_STANDARD = gnu11;
				GCC_NO_COMMON_BLOCKS = YES;
				GCC_WARN_64_TO_32_BIT_CONVERSION = YES;
				GCC_WARN_ABOUT_RETURN_TYPE = YES_ERROR;
				GCC_WARN_UNDECLARED_SELECTOR = YES;
				GCC_WARN_UNINITIALIZED_AUTOS = YES_AGGRESSIVE;
				GCC_WARN_UNUSED_FUNCTION = YES;
				GCC_WARN_UNUSED_VARIABLE = YES;
				IPHONEOS_DEPLOYMENT_TARGET = 13.5;
				MTL_ENABLE_DEBUG_INFO = NO;
				MTL_FAST_MATH = YES;
				SDKROOT = iphoneos;
				SWIFT_COMPILATION_MODE = wholemodule;
				SWIFT_OPTIMIZATION_LEVEL = "-O";
				VALIDATE_PRODUCT = YES;
			};
			name = Release;
		};
		42B900E124E7EC170068EB63 /* Debug */ = {
			isa = XCBuildConfiguration;
			buildSettings = {
				ASSETCATALOG_COMPILER_APPICON_NAME = AppIcon;
				ASSETCATALOG_COMPILER_GLOBAL_ACCENT_COLOR_NAME = AccentColor;
				CODE_SIGN_STYLE = Automatic;
				DEVELOPMENT_ASSET_PATHS = "\"Flashzilla/Preview Content\"";
				DEVELOPMENT_TEAM = 8XPT9US388;
				ENABLE_PREVIEWS = YES;
				INFOPLIST_FILE = Flashzilla/Info.plist;
				LD_RUNPATH_SEARCH_PATHS = (
					"$(inherited)",
					"@executable_path/Frameworks",
				);
				PRODUCT_BUNDLE_IDENTIFIER = br.com.ataias.Flashzilla;
				PRODUCT_NAME = "$(TARGET_NAME)";
				SWIFT_VERSION = 5.0;
				TARGETED_DEVICE_FAMILY = "1,2";
			};
			name = Debug;
		};
		42B900E224E7EC170068EB63 /* Release */ = {
			isa = XCBuildConfiguration;
			buildSettings = {
				ASSETCATALOG_COMPILER_APPICON_NAME = AppIcon;
				ASSETCATALOG_COMPILER_GLOBAL_ACCENT_COLOR_NAME = AccentColor;
				CODE_SIGN_STYLE = Automatic;
				DEVELOPMENT_ASSET_PATHS = "\"Flashzilla/Preview Content\"";
				DEVELOPMENT_TEAM = 8XPT9US388;
				ENABLE_PREVIEWS = YES;
				INFOPLIST_FILE = Flashzilla/Info.plist;
				LD_RUNPATH_SEARCH_PATHS = (
					"$(inherited)",
					"@executable_path/Frameworks",
				);
				PRODUCT_BUNDLE_IDENTIFIER = br.com.ataias.Flashzilla;
				PRODUCT_NAME = "$(TARGET_NAME)";
				SWIFT_VERSION = 5.0;
				TARGETED_DEVICE_FAMILY = "1,2";
			};
			name = Release;
		};
/* End XCBuildConfiguration section */

/* Begin XCConfigurationList section */
		42B900C724E7EC160068EB63 /* Build configuration list for PBXProject "Flashzilla" */ = {
			isa = XCConfigurationList;
			buildConfigurations = (
				42B900DE24E7EC170068EB63 /* Debug */,
				42B900DF24E7EC170068EB63 /* Release */,
			);
			defaultConfigurationIsVisible = 0;
			defaultConfigurationName = Release;
		};
		42B900E024E7EC170068EB63 /* Build configuration list for PBXNativeTarget "Flashzilla" */ = {
			isa = XCConfigurationList;
			buildConfigurations = (
				42B900E124E7EC170068EB63 /* Debug */,
				42B900E224E7EC170068EB63 /* Release */,
			);
			defaultConfigurationIsVisible = 0;
			defaultConfigurationName = Release;
		};
/* End XCConfigurationList section */
	};
	rootObject = 42B900C424E7EC160068EB63 /* Project object */;
}
