// !$*UTF8*$!
{
	archiveVersion = 1;
	classes = {
	};
	objectVersion = 50;
	objects = {

/* Begin PBXBuildFile section */
		423BCD2E24BDAC1400F83D41 /* FriendFaceApp.swift in Sources */ = {isa = PBXBuildFile; fileRef = 423BCD2D24BDAC1400F83D41 /* FriendFaceApp.swift */; };
		423BCD3024BDAC1400F83D41 /* ContentView.swift in Sources */ = {isa = PBXBuildFile; fileRef = 423BCD2F24BDAC1400F83D41 /* ContentView.swift */; };
		423BCD3224BDAC1600F83D41 /* Assets.xcassets in Resources */ = {isa = PBXBuildFile; fileRef = 423BCD3124BDAC1600F83D41 /* Assets.xcassets */; };
		423BCD3524BDAC1600F83D41 /* Preview Assets.xcassets in Resources */ = {isa = PBXBuildFile; fileRef = 423BCD3424BDAC1600F83D41 /* Preview Assets.xcassets */; };
		423BCD3D24BDAC3500F83D41 /* User.swift in Sources */ = {isa = PBXBuildFile; fileRef = 423BCD3C24BDAC3500F83D41 /* User.swift */; };
		423BCD3F24BDACAD00F83D41 /* Friend.swift in Sources */ = {isa = PBXBuildFile; fileRef = 423BCD3E24BDACAD00F83D41 /* Friend.swift */; };
		423FB3D924C19EFE00931B87 /* PersistentCloudKitContainer.swift in Sources */ = {isa = PBXBuildFile; fileRef = 423FB3D824C19EFE00931B87 /* PersistentCloudKitContainer.swift */; };
		423FB3DC24C19FF500931B87 /* FriendModel.xcdatamodeld in Sources */ = {isa = PBXBuildFile; fileRef = 423FB3DA24C19FF500931B87 /* FriendModel.xcdatamodeld */; };
		423FB3E324C1A34B00931B87 /* CoreUser+CoreDataClass.swift in Sources */ = {isa = PBXBuildFile; fileRef = 423FB3E124C1A34B00931B87 /* CoreUser+CoreDataClass.swift */; };
		423FB3E424C1A34B00931B87 /* CoreUser+CoreDataProperties.swift in Sources */ = {isa = PBXBuildFile; fileRef = 423FB3E224C1A34B00931B87 /* CoreUser+CoreDataProperties.swift */; };
		423FB3E624C1A63600931B87 /* Decoder.swift in Sources */ = {isa = PBXBuildFile; fileRef = 423FB3E524C1A63600931B87 /* Decoder.swift */; };
		42AEAEB324BDB82C003ADCD1 /* UserView.swift in Sources */ = {isa = PBXBuildFile; fileRef = 42AEAEB224BDB82C003ADCD1 /* UserView.swift */; };
		42D57C6724BF089B001D4EB2 /* Bundle-Decodable.swift in Sources */ = {isa = PBXBuildFile; fileRef = 42D57C6624BF089B001D4EB2 /* Bundle-Decodable.swift */; };
		42D57C6924BF094F001D4EB2 /* friendface.json in Resources */ = {isa = PBXBuildFile; fileRef = 42D57C6824BF094E001D4EB2 /* friendface.json */; };
		42D57C6B24BF0C18001D4EB2 /* UserListView.swift in Sources */ = {isa = PBXBuildFile; fileRef = 42D57C6A24BF0C18001D4EB2 /* UserListView.swift */; };
/* End PBXBuildFile section */

/* Begin PBXFileReference section */
		423BCD2A24BDAC1400F83D41 /* FriendFace.app */ = {isa = PBXFileReference; explicitFileType = wrapper.application; includeInIndex = 0; path = FriendFace.app; sourceTree = BUILT_PRODUCTS_DIR; };
		423BCD2D24BDAC1400F83D41 /* FriendFaceApp.swift */ = {isa = PBXFileReference; lastKnownFileType = sourcecode.swift; path = FriendFaceApp.swift; sourceTree = "<group>"; };
		423BCD2F24BDAC1400F83D41 /* ContentView.swift */ = {isa = PBXFileReference; lastKnownFileType = sourcecode.swift; path = ContentView.swift; sourceTree = "<group>"; };
		423BCD3124BDAC1600F83D41 /* Assets.xcassets */ = {isa = PBXFileReference; lastKnownFileType = folder.assetcatalog; path = Assets.xcassets; sourceTree = "<group>"; };
		423BCD3424BDAC1600F83D41 /* Preview Assets.xcassets */ = {isa = PBXFileReference; lastKnownFileType = folder.assetcatalog; path = "Preview Assets.xcassets"; sourceTree = "<group>"; };
		423BCD3624BDAC1600F83D41 /* Info.plist */ = {isa = PBXFileReference; lastKnownFileType = text.plist.xml; path = Info.plist; sourceTree = "<group>"; };
		423BCD3C24BDAC3500F83D41 /* User.swift */ = {isa = PBXFileReference; lastKnownFileType = sourcecode.swift; path = User.swift; sourceTree = "<group>"; };
		423BCD3E24BDACAD00F83D41 /* Friend.swift */ = {isa = PBXFileReference; lastKnownFileType = sourcecode.swift; path = Friend.swift; sourceTree = "<group>"; };
		423FB3D824C19EFE00931B87 /* PersistentCloudKitContainer.swift */ = {isa = PBXFileReference; lastKnownFileType = sourcecode.swift; path = PersistentCloudKitContainer.swift; sourceTree = "<group>"; };
		423FB3DB24C19FF500931B87 /* FriendModel.xcdatamodel */ = {isa = PBXFileReference; lastKnownFileType = wrapper.xcdatamodel; path = FriendModel.xcdatamodel; sourceTree = "<group>"; };
		423FB3E124C1A34B00931B87 /* CoreUser+CoreDataClass.swift */ = {isa = PBXFileReference; lastKnownFileType = sourcecode.swift; path = "CoreUser+CoreDataClass.swift"; sourceTree = "<group>"; };
		423FB3E224C1A34B00931B87 /* CoreUser+CoreDataProperties.swift */ = {isa = PBXFileReference; lastKnownFileType = sourcecode.swift; path = "CoreUser+CoreDataProperties.swift"; sourceTree = "<group>"; };
		423FB3E524C1A63600931B87 /* Decoder.swift */ = {isa = PBXFileReference; lastKnownFileType = sourcecode.swift; path = Decoder.swift; sourceTree = "<group>"; };
		42AEAEB224BDB82C003ADCD1 /* UserView.swift */ = {isa = PBXFileReference; lastKnownFileType = sourcecode.swift; path = UserView.swift; sourceTree = "<group>"; };
		42D57C6624BF089B001D4EB2 /* Bundle-Decodable.swift */ = {isa = PBXFileReference; lastKnownFileType = sourcecode.swift; path = "Bundle-Decodable.swift"; sourceTree = "<group>"; };
		42D57C6824BF094E001D4EB2 /* friendface.json */ = {isa = PBXFileReference; fileEncoding = 4; lastKnownFileType = text.json; path = friendface.json; sourceTree = "<group>"; };
		42D57C6A24BF0C18001D4EB2 /* UserListView.swift */ = {isa = PBXFileReference; lastKnownFileType = sourcecode.swift; path = UserListView.swift; sourceTree = "<group>"; };
/* End PBXFileReference section */

/* Begin PBXFrameworksBuildPhase section */
		423BCD2724BDAC1400F83D41 /* Frameworks */ = {
			isa = PBXFrameworksBuildPhase;
			buildActionMask = 2147483647;
			files = (
			);
			runOnlyForDeploymentPostprocessing = 0;
		};
/* End PBXFrameworksBuildPhase section */

/* Begin PBXGroup section */
		423BCD2124BDAC1400F83D41 = {
			isa = PBXGroup;
			children = (
				423BCD2C24BDAC1400F83D41 /* FriendFace */,
				423BCD2B24BDAC1400F83D41 /* Products */,
			);
			sourceTree = "<group>";
		};
		423BCD2B24BDAC1400F83D41 /* Products */ = {
			isa = PBXGroup;
			children = (
				423BCD2A24BDAC1400F83D41 /* FriendFace.app */,
			);
			name = Products;
			sourceTree = "<group>";
		};
		423BCD2C24BDAC1400F83D41 /* FriendFace */ = {
			isa = PBXGroup;
			children = (
				423FB3E124C1A34B00931B87 /* CoreUser+CoreDataClass.swift */,
				423FB3E224C1A34B00931B87 /* CoreUser+CoreDataProperties.swift */,
				423BCD2D24BDAC1400F83D41 /* FriendFaceApp.swift */,
				423FB3D824C19EFE00931B87 /* PersistentCloudKitContainer.swift */,
				423BCD2F24BDAC1400F83D41 /* ContentView.swift */,
				423FB3E524C1A63600931B87 /* Decoder.swift */,
				42D57C6A24BF0C18001D4EB2 /* UserListView.swift */,
				42D57C6624BF089B001D4EB2 /* Bundle-Decodable.swift */,
				42AEAEB224BDB82C003ADCD1 /* UserView.swift */,
				423BCD3C24BDAC3500F83D41 /* User.swift */,
				423BCD3E24BDACAD00F83D41 /* Friend.swift */,
				423FB3DA24C19FF500931B87 /* FriendModel.xcdatamodeld */,
				423BCD3124BDAC1600F83D41 /* Assets.xcassets */,
				423BCD3624BDAC1600F83D41 /* Info.plist */,
				423BCD3324BDAC1600F83D41 /* Preview Content */,
			);
			path = FriendFace;
			sourceTree = "<group>";
		};
		423BCD3324BDAC1600F83D41 /* Preview Content */ = {
			isa = PBXGroup;
			children = (
				42D57C6824BF094E001D4EB2 /* friendface.json */,
				423BCD3424BDAC1600F83D41 /* Preview Assets.xcassets */,
			);
			path = "Preview Content";
			sourceTree = "<group>";
		};
/* End PBXGroup section */

/* Begin PBXNativeTarget section */
		423BCD2924BDAC1400F83D41 /* FriendFace */ = {
			isa = PBXNativeTarget;
			buildConfigurationList = 423BCD3924BDAC1600F83D41 /* Build configuration list for PBXNativeTarget "FriendFace" */;
			buildPhases = (
				423BCD2624BDAC1400F83D41 /* Sources */,
				423BCD2724BDAC1400F83D41 /* Frameworks */,
				423BCD2824BDAC1400F83D41 /* Resources */,
			);
			buildRules = (
			);
			dependencies = (
			);
			name = FriendFace;
			productName = FriendFace;
			productReference = 423BCD2A24BDAC1400F83D41 /* FriendFace.app */;
			productType = "com.apple.product-type.application";
		};
/* End PBXNativeTarget section */

/* Begin PBXProject section */
		423BCD2224BDAC1400F83D41 /* Project object */ = {
			isa = PBXProject;
			attributes = {
				LastSwiftUpdateCheck = 1200;
				LastUpgradeCheck = 1200;
				TargetAttributes = {
					423BCD2924BDAC1400F83D41 = {
						CreatedOnToolsVersion = 12.0;
					};
				};
			};
			buildConfigurationList = 423BCD2524BDAC1400F83D41 /* Build configuration list for PBXProject "FriendFace" */;
			compatibilityVersion = "Xcode 9.3";
			developmentRegion = en;
			hasScannedForEncodings = 0;
			knownRegions = (
				en,
				Base,
			);
			mainGroup = 423BCD2124BDAC1400F83D41;
			productRefGroup = 423BCD2B24BDAC1400F83D41 /* Products */;
			projectDirPath = "";
			projectRoot = "";
			targets = (
				423BCD2924BDAC1400F83D41 /* FriendFace */,
			);
		};
/* End PBXProject section */

/* Begin PBXResourcesBuildPhase section */
		423BCD2824BDAC1400F83D41 /* Resources */ = {
			isa = PBXResourcesBuildPhase;
			buildActionMask = 2147483647;
			files = (
				423BCD3524BDAC1600F83D41 /* Preview Assets.xcassets in Resources */,
				423BCD3224BDAC1600F83D41 /* Assets.xcassets in Resources */,
				42D57C6924BF094F001D4EB2 /* friendface.json in Resources */,
			);
			runOnlyForDeploymentPostprocessing = 0;
		};
/* End PBXResourcesBuildPhase section */

/* Begin PBXSourcesBuildPhase section */
		423BCD2624BDAC1400F83D41 /* Sources */ = {
			isa = PBXSourcesBuildPhase;
			buildActionMask = 2147483647;
			files = (
				42D57C6B24BF0C18001D4EB2 /* UserListView.swift in Sources */,
				423FB3E424C1A34B00931B87 /* CoreUser+CoreDataProperties.swift in Sources */,
				423FB3DC24C19FF500931B87 /* FriendModel.xcdatamodeld in Sources */,
				423BCD3024BDAC1400F83D41 /* ContentView.swift in Sources */,
				423BCD2E24BDAC1400F83D41 /* FriendFaceApp.swift in Sources */,
				42AEAEB324BDB82C003ADCD1 /* UserView.swift in Sources */,
				423BCD3D24BDAC3500F83D41 /* User.swift in Sources */,
				423FB3D924C19EFE00931B87 /* PersistentCloudKitContainer.swift in Sources */,
				423FB3E324C1A34B00931B87 /* CoreUser+CoreDataClass.swift in Sources */,
				423BCD3F24BDACAD00F83D41 /* Friend.swift in Sources */,
				423FB3E624C1A63600931B87 /* Decoder.swift in Sources */,
				42D57C6724BF089B001D4EB2 /* Bundle-Decodable.swift in Sources */,
			);
			runOnlyForDeploymentPostprocessing = 0;
		};
/* End PBXSourcesBuildPhase section */

/* Begin XCBuildConfiguration section */
		423BCD3724BDAC1600F83D41 /* Debug */ = {
			isa = XCBuildConfiguration;
			buildSettings = {
				ALWAYS_SEARCH_USER_PATHS = NO;
				CLANG_ANALYZER_NONNULL = YES;
				CLANG_ANALYZER_NUMBER_OBJECT_CONVERSION = YES_AGGRESSIVE;
				CLANG_CXX_LANGUAGE_STANDARD = "gnu++14";
				CLANG_CXX_LIBRARY = "libc++";
				CLANG_ENABLE_MODULES = YES;
				CLANG_ENABLE_OBJC_ARC = YES;
				CLANG_ENABLE_OBJC_WEAK = YES;
				CLANG_WARN_BLOCK_CAPTURE_AUTORELEASING = YES;
				CLANG_WARN_BOOL_CONVERSION = YES;
				CLANG_WARN_COMMA = YES;
				CLANG_WARN_CONSTANT_CONVERSION = YES;
				CLANG_WARN_DEPRECATED_OBJC_IMPLEMENTATIONS = YES;
				CLANG_WARN_DIRECT_OBJC_ISA_USAGE = YES_ERROR;
				CLANG_WARN_DOCUMENTATION_COMMENTS = YES;
				CLANG_WARN_EMPTY_BODY = YES;
				CLANG_WARN_ENUM_CONVERSION = YES;
				CLANG_WARN_INFINITE_RECURSION = YES;
				CLANG_WARN_INT_CONVERSION = YES;
				CLANG_WARN_NON_LITERAL_NULL_CONVERSION = YES;
				CLANG_WARN_OBJC_IMPLICIT_RETAIN_SELF = YES;
				CLANG_WARN_OBJC_LITERAL_CONVERSION = YES;
				CLANG_WARN_OBJC_ROOT_CLASS = YES_ERROR;
				CLANG_WARN_QUOTED_INCLUDE_IN_FRAMEWORK_HEADER = YES;
				CLANG_WARN_RANGE_LOOP_ANALYSIS = YES;
				CLANG_WARN_STRICT_PROTOTYPES = YES;
				CLANG_WARN_SUSPICIOUS_MOVE = YES;
				CLANG_WARN_UNGUARDED_AVAILABILITY = YES_AGGRESSIVE;
				CLANG_WARN_UNREACHABLE_CODE = YES;
				CLANG_WARN__DUPLICATE_METHOD_MATCH = YES;
				COPY_PHASE_STRIP = NO;
				DEBUG_INFORMATION_FORMAT = dwarf;
				ENABLE_STRICT_OBJC_MSGSEND = YES;
				ENABLE_TESTABILITY = YES;
				GCC_C_LANGUAGE_STANDARD = gnu11;
				GCC_DYNAMIC_NO_PIC = NO;
				GCC_NO_COMMON_BLOCKS = YES;
				GCC_OPTIMIZATION_LEVEL = 0;
				GCC_PREPROCESSOR_DEFINITIONS = (
					"DEBUG=1",
					"$(inherited)",
				);
				GCC_WARN_64_TO_32_BIT_CONVERSION = YES;
				GCC_WARN_ABOUT_RETURN_TYPE = YES_ERROR;
				GCC_WARN_UNDECLARED_SELECTOR = YES;
				GCC_WARN_UNINITIALIZED_AUTOS = YES_AGGRESSIVE;
				GCC_WARN_UNUSED_FUNCTION = YES;
				GCC_WARN_UNUSED_VARIABLE = YES;
				IPHONEOS_DEPLOYMENT_TARGET = 14.0;
				MTL_ENABLE_DEBUG_INFO = INCLUDE_SOURCE;
				MTL_FAST_MATH = YES;
				ONLY_ACTIVE_ARCH = YES;
				SDKROOT = iphoneos;
				SWIFT_ACTIVE_COMPILATION_CONDITIONS = DEBUG;
				SWIFT_OPTIMIZATION_LEVEL = "-Onone";
			};
			name = Debug;
		};
		423BCD3824BDAC1600F83D41 /* Release */ = {
			isa = XCBuildConfiguration;
			buildSettings = {
				ALWAYS_SEARCH_USER_PATHS = NO;
				CLANG_ANALYZER_NONNULL = YES;
				CLANG_ANALYZER_NUMBER_OBJECT_CONVERSION = YES_AGGRESSIVE;
				CLANG_CXX_LANGUAGE_STANDARD = "gnu++14";
				CLANG_CXX_LIBRARY = "libc++";
				CLANG_ENABLE_MODULES = YES;
				CLANG_ENABLE_OBJC_ARC = YES;
				CLANG_ENABLE_OBJC_WEAK = YES;
				CLANG_WARN_BLOCK_CAPTURE_AUTORELEASING = YES;
				CLANG_WARN_BOOL_CONVERSION = YES;
				CLANG_WARN_COMMA = YES;
				CLANG_WARN_CONSTANT_CONVERSION = YES;
				CLANG_WARN_DEPRECATED_OBJC_IMPLEMENTATIONS = YES;
				CLANG_WARN_DIRECT_OBJC_ISA_USAGE = YES_ERROR;
				CLANG_WARN_DOCUMENTATION_COMMENTS = YES;
				CLANG_WARN_EMPTY_BODY = YES;
				CLANG_WARN_ENUM_CONVERSION = YES;
				CLANG_WARN_INFINITE_RECURSION = YES;
				CLANG_WARN_INT_CONVERSION = YES;
				CLANG_WARN_NON_LITERAL_NULL_CONVERSION = YES;
				CLANG_WARN_OBJC_IMPLICIT_RETAIN_SELF = YES;
				CLANG_WARN_OBJC_LITERAL_CONVERSION = YES;
				CLANG_WARN_OBJC_ROOT_CLASS = YES_ERROR;
				CLANG_WARN_QUOTED_INCLUDE_IN_FRAMEWORK_HEADER = YES;
				CLANG_WARN_RANGE_LOOP_ANALYSIS = YES;
				CLANG_WARN_STRICT_PROTOTYPES = YES;
				CLANG_WARN_SUSPICIOUS_MOVE = YES;
				CLANG_WARN_UNGUARDED_AVAILABILITY = YES_AGGRESSIVE;
				CLANG_WARN_UNREACHABLE_CODE = YES;
				CLANG_WARN__DUPLICATE_METHOD_MATCH = YES;
				COPY_PHASE_STRIP = NO;
				DEBUG_INFORMATION_FORMAT = "dwarf-with-dsym";
				ENABLE_NS_ASSERTIONS = NO;
				ENABLE_STRICT_OBJC_MSGSEND = YES;
				GCC_C_LANGUAGE_STANDARD = gnu11;
				GCC_NO_COMMON_BLOCKS = YES;
				GCC_WARN_64_TO_32_BIT_CONVERSION = YES;
				GCC_WARN_ABOUT_RETURN_TYPE = YES_ERROR;
				GCC_WARN_UNDECLARED_SELECTOR = YES;
				GCC_WARN_UNINITIALIZED_AUTOS = YES_AGGRESSIVE;
				GCC_WARN_UNUSED_FUNCTION = YES;
				GCC_WARN_UNUSED_VARIABLE = YES;
				IPHONEOS_DEPLOYMENT_TARGET = 14.0;
				MTL_ENABLE_DEBUG_INFO = NO;
				MTL_FAST_MATH = YES;
				SDKROOT = iphoneos;
				SWIFT_COMPILATION_MODE = wholemodule;
				SWIFT_OPTIMIZATION_LEVEL = "-O";
				VALIDATE_PRODUCT = YES;
			};
			name = Release;
		};
		423BCD3A24BDAC1600F83D41 /* Debug */ = {
			isa = XCBuildConfiguration;
			buildSettings = {
				ASSETCATALOG_COMPILER_APPICON_NAME = AppIcon;
				ASSETCATALOG_COMPILER_GLOBAL_ACCENT_COLOR_NAME = AccentColor;
				CODE_SIGN_STYLE = Automatic;
				DEVELOPMENT_ASSET_PATHS = "\"FriendFace/Preview Content\"";
				DEVELOPMENT_TEAM = 8XPT9US388;
				ENABLE_PREVIEWS = YES;
				INFOPLIST_FILE = FriendFace/Info.plist;
				IPHONEOS_DEPLOYMENT_TARGET = 14.0;
				LD_RUNPATH_SEARCH_PATHS = (
					"$(inherited)",
					"@executable_path/Frameworks",
				);
				PRODUCT_BUNDLE_IDENTIFIER = br.com.ataias.FriendFace;
				PRODUCT_NAME = "$(TARGET_NAME)";
				SWIFT_VERSION = 5.0;
				TARGETED_DEVICE_FAMILY = "1,2";
			};
			name = Debug;
		};
		423BCD3B24BDAC1600F83D41 /* Release */ = {
			isa = XCBuildConfiguration;
			buildSettings = {
				ASSETCATALOG_COMPILER_APPICON_NAME = AppIcon;
				ASSETCATALOG_COMPILER_GLOBAL_ACCENT_COLOR_NAME = AccentColor;
				CODE_SIGN_STYLE = Automatic;
				DEVELOPMENT_ASSET_PATHS = "\"FriendFace/Preview Content\"";
				DEVELOPMENT_TEAM = 8XPT9US388;
				ENABLE_PREVIEWS = YES;
				INFOPLIST_FILE = FriendFace/Info.plist;
				IPHONEOS_DEPLOYMENT_TARGET = 14.0;
				LD_RUNPATH_SEARCH_PATHS = (
					"$(inherited)",
					"@executable_path/Frameworks",
				);
				PRODUCT_BUNDLE_IDENTIFIER = br.com.ataias.FriendFace;
				PRODUCT_NAME = "$(TARGET_NAME)";
				SWIFT_VERSION = 5.0;
				TARGETED_DEVICE_FAMILY = "1,2";
			};
			name = Release;
		};
/* End XCBuildConfiguration section */

/* Begin XCConfigurationList section */
		423BCD2524BDAC1400F83D41 /* Build configuration list for PBXProject "FriendFace" */ = {
			isa = XCConfigurationList;
			buildConfigurations = (
				423BCD3724BDAC1600F83D41 /* Debug */,
				423BCD3824BDAC1600F83D41 /* Release */,
			);
			defaultConfigurationIsVisible = 0;
			defaultConfigurationName = Release;
		};
		423BCD3924BDAC1600F83D41 /* Build configuration list for PBXNativeTarget "FriendFace" */ = {
			isa = XCConfigurationList;
			buildConfigurations = (
				423BCD3A24BDAC1600F83D41 /* Debug */,
				423BCD3B24BDAC1600F83D41 /* Release */,
			);
			defaultConfigurationIsVisible = 0;
			defaultConfigurationName = Release;
		};
/* End XCConfigurationList section */

/* Begin XCVersionGroup section */
		423FB3DA24C19FF500931B87 /* FriendModel.xcdatamodeld */ = {
			isa = XCVersionGroup;
			children = (
				423FB3DB24C19FF500931B87 /* FriendModel.xcdatamodel */,
			);
			currentVersion = 423FB3DB24C19FF500931B87 /* FriendModel.xcdatamodel */;
			path = FriendModel.xcdatamodeld;
			sourceTree = "<group>";
			versionGroupType = wrapper.xcdatamodel;
		};
/* End XCVersionGroup section */
	};
	rootObject = 423BCD2224BDAC1400F83D41 /* Project object */;
}
